
Microsoft Visual Studio Solution File, Format Version 12.00
# Visual Studio 15
VisualStudioVersion = 15.0.27703.2035
MinimumVisualStudioVersion = 10.0.40219.1
Project("{FAE04EC0-301F-11D3-BF4B-00C04F79EFBC}") = "SMAFormCreator", "SMAFormCreator\SMAFormCreator.csproj", "{352FC038-1C93-4CF0-AC98-CEE6696CC0F0}"
EndProject
Global
	GlobalSection(SolutionConfigurationPlatforms) = preSolution
		Debug|Any CPU = Debug|Any CPU
		Release|Any CPU = Release|Any CPU
	EndGlobalSection
	GlobalSection(ProjectConfigurationPlatforms) = postSolution
		{352FC038-1C93-4CF0-AC98-CEE6696CC0F0}.Debug|Any CPU.ActiveCfg = Debug|Any CPU
		{352FC038-1C93-4CF0-AC98-CEE6696CC0F0}.Debug|Any CPU.Build.0 = Debug|Any CPU
		{352FC038-1C93-4CF0-AC98-CEE6696CC0F0}.Release|Any CPU.ActiveCfg = Release|Any CPU
		{352FC038-1C93-4CF0-AC98-CEE6696CC0F0}.Release|Any CPU.Build.0 = Release|Any CPU
	EndGlobalSection
	GlobalSection(SolutionProperties) = preSolution
		HideSolutionNode = FALSE
	EndGlobalSection
	GlobalSection(ExtensibilityGlobals) = postSolution
		SolutionGuid = {533EAF8D-22C1-4B17-A157-DE9152939650}
	EndGlobalSection
EndGlobal
